
Microsoft Visual Studio Solution File, Format Version 12.00
# Visual Studio Version 17
VisualStudioVersion = 17.7.34031.279
MinimumVisualStudioVersion = 10.0.40219.1
Project("{FAE04EC0-301F-11D3-BF4B-00C04F79EFBC}") = "Task-API", "Task-API\Task-API.csproj", "{A15C3128-3176-4683-A54F-BBFB50CD11E9}"
EndProject
Global
	GlobalSection(SolutionConfigurationPlatforms) = preSolution
		Debug|Any CPU = Debug|Any CPU
		Release|Any CPU = Release|Any CPU
	EndGlobalSection
	GlobalSection(ProjectConfigurationPlatforms) = postSolution
		{A15C3128-3176-4683-A54F-BBFB50CD11E9}.Debug|Any CPU.ActiveCfg = Debug|Any CPU
		{A15C3128-3176-4683-A54F-BBFB50CD11E9}.Debug|Any CPU.Build.0 = Debug|Any CPU
		{A15C3128-3176-4683-A54F-BBFB50CD11E9}.Release|Any CPU.ActiveCfg = Release|Any CPU
		{A15C3128-3176-4683-A54F-BBFB50CD11E9}.Release|Any CPU.Build.0 = Release|Any CPU
	EndGlobalSection
	GlobalSection(SolutionProperties) = preSolution
		HideSolutionNode = FALSE
	EndGlobalSection
	GlobalSection(ExtensibilityGlobals) = postSolution
		SolutionGuid = {4F067AA2-2B63-4342-A00E-969C9AD170ED}
	EndGlobalSection
EndGlobal
